
Microsoft Visual Studio Solution File, Format Version 12.00
# Visual Studio Version 17
VisualStudioVersion = 17.10.35004.147
MinimumVisualStudioVersion = 10.0.40219.1
Project("{FAE04EC0-301F-11D3-BF4B-00C04F79EFBC}") = "EsercizioBackend", "EsercizioBackend\EsercizioBackend.csproj", "{F398EC3F-A15D-434A-B2F3-959F3FFED9D8}"
EndProject
Global
	GlobalSection(SolutionConfigurationPlatforms) = preSolution
		Debug|Any CPU = Debug|Any CPU
		Release|Any CPU = Release|Any CPU
	EndGlobalSection
	GlobalSection(ProjectConfigurationPlatforms) = postSolution
		{F398EC3F-A15D-434A-B2F3-959F3FFED9D8}.Debug|Any CPU.ActiveCfg = Debug|Any CPU
		{F398EC3F-A15D-434A-B2F3-959F3FFED9D8}.Debug|Any CPU.Build.0 = Debug|Any CPU
		{F398EC3F-A15D-434A-B2F3-959F3FFED9D8}.Release|Any CPU.ActiveCfg = Release|Any CPU
		{F398EC3F-A15D-434A-B2F3-959F3FFED9D8}.Release|Any CPU.Build.0 = Release|Any CPU
	EndGlobalSection
	GlobalSection(SolutionProperties) = preSolution
		HideSolutionNode = FALSE
	EndGlobalSection
	GlobalSection(ExtensibilityGlobals) = postSolution
		SolutionGuid = {3D19EB76-DE9F-4F94-AFDB-2EEEB17CD530}
	EndGlobalSection
EndGlobal
